
Microsoft Visual Studio Solution File, Format Version 12.00
# Visual Studio Version 16
VisualStudioVersion = 16.0.810.6
MinimumVisualStudioVersion = 10.0.40219.1
Project("{FAE04EC0-301F-11D3-BF4B-00C04F79EFBC}") = "Server", "Server\Server.csproj", "{3CEA6609-95B8-41B0-88A7-E16FFF99150E}"
EndProject
Global
	GlobalSection(SolutionConfigurationPlatforms) = preSolution
		Debug|Any CPU = Debug|Any CPU
		Release|Any CPU = Release|Any CPU
	EndGlobalSection
	GlobalSection(ProjectConfigurationPlatforms) = postSolution
		{3CEA6609-95B8-41B0-88A7-E16FFF99150E}.Debug|Any CPU.ActiveCfg = Debug|Any CPU
		{3CEA6609-95B8-41B0-88A7-E16FFF99150E}.Debug|Any CPU.Build.0 = Debug|Any CPU
		{3CEA6609-95B8-41B0-88A7-E16FFF99150E}.Release|Any CPU.ActiveCfg = Release|Any CPU
		{3CEA6609-95B8-41B0-88A7-E16FFF99150E}.Release|Any CPU.Build.0 = Release|Any CPU
	EndGlobalSection
	GlobalSection(SolutionProperties) = preSolution
		HideSolutionNode = FALSE
	EndGlobalSection
	GlobalSection(ExtensibilityGlobals) = postSolution
		SolutionGuid = {7F061DFA-A0A4-4BD7-B65B-20C17B6826EF}
	EndGlobalSection
EndGlobal
